
Microsoft Visual Studio Solution File, Format Version 12.00
# Visual Studio 2013
VisualStudioVersion = 12.0.21005.1
MinimumVisualStudioVersion = 10.0.40219.1
Project("{FAE04EC0-301F-11D3-BF4B-00C04F79EFBC}") = "Contentful.SDK", "Contentful.SDK.csproj", "{167E7E8A-AA1C-4B5F-B597-5CDA5190D105}"
EndProject
Project("{FAE04EC0-301F-11D3-BF4B-00C04F79EFBC}") = "UnitTests", "..\UnitTests\UnitTests.csproj", "{ABF457F7-FE49-4504-8566-75636AB2CA72}"
EndProject
Project("{2150E333-8FDC-42A3-9474-1A3956D46DE8}") = ".nuget", ".nuget", "{F7E805C9-364B-4844-BFF4-D92235D3CA3D}"
	ProjectSection(SolutionItems) = preProject
		.nuget\NuGet.Config = .nuget\NuGet.Config
		.nuget\NuGet.exe = .nuget\NuGet.exe
		.nuget\NuGet.targets = .nuget\NuGet.targets
	EndProjectSection
EndProject
Global
	GlobalSection(SolutionConfigurationPlatforms) = preSolution
		Debug|Any CPU = Debug|Any CPU
		Release|Any CPU = Release|Any CPU
	EndGlobalSection
	GlobalSection(ProjectConfigurationPlatforms) = postSolution
		{167E7E8A-AA1C-4B5F-B597-5CDA5190D105}.Debug|Any CPU.ActiveCfg = Debug|Any CPU
		{167E7E8A-AA1C-4B5F-B597-5CDA5190D105}.Debug|Any CPU.Build.0 = Debug|Any CPU
		{167E7E8A-AA1C-4B5F-B597-5CDA5190D105}.Release|Any CPU.ActiveCfg = Release|Any CPU
		{167E7E8A-AA1C-4B5F-B597-5CDA5190D105}.Release|Any CPU.Build.0 = Release|Any CPU
		{ABF457F7-FE49-4504-8566-75636AB2CA72}.Debug|Any CPU.ActiveCfg = Debug|Any CPU
		{ABF457F7-FE49-4504-8566-75636AB2CA72}.Debug|Any CPU.Build.0 = Debug|Any CPU
		{ABF457F7-FE49-4504-8566-75636AB2CA72}.Release|Any CPU.ActiveCfg = Release|Any CPU
		{ABF457F7-FE49-4504-8566-75636AB2CA72}.Release|Any CPU.Build.0 = Release|Any CPU
	EndGlobalSection
	GlobalSection(SolutionProperties) = preSolution
		HideSolutionNode = FALSE
	EndGlobalSection
EndGlobal
